
Microsoft Visual Studio Solution File, Format Version 12.00
# Visual Studio Version 17
VisualStudioVersion = 17.7.34221.43
MinimumVisualStudioVersion = 10.0.40219.1
Project("{2150E333-8FDC-42A3-9474-1A3956D46DE8}") = "Services", "Services", "{F4D75E74-B60B-425E-9996-F6F939070624}"
EndProject
Project("{2150E333-8FDC-42A3-9474-1A3956D46DE8}") = "Catalog", "Catalog", "{2DE1CD5E-BF00-44CB-8459-75B5E53E6527}"
EndProject
Project("{9A19103F-16F7-4668-BE54-9A1E7A4F7556}") = "Catalog.API", "Services\Catalog\Catalog.API\Catalog.API.csproj", "{10071691-8A7B-4A57-BDED-FDC12790B50F}"
EndProject
Project("{E53339B2-1760-4266-BCC7-CA923CBCF16C}") = "docker-compose", "docker-compose.dcproj", "{8A00BE4A-2494-4496-AE22-D29754F727BC}"
EndProject
Project("{2150E333-8FDC-42A3-9474-1A3956D46DE8}") = "Basket", "Basket", "{B396C81A-8BC2-4E26-BEF7-1443AD716C55}"
EndProject
Project("{9A19103F-16F7-4668-BE54-9A1E7A4F7556}") = "Basket.API", "Services\Basket\Basket.API\Basket.API.csproj", "{1582ED73-7CB5-4256-9B85-387EE72AE00D}"
EndProject
Project("{2150E333-8FDC-42A3-9474-1A3956D46DE8}") = "Discount", "Discount", "{2CBBD35F-EDDD-4E4B-A08B-8CB5C609C562}"
EndProject
Project("{9A19103F-16F7-4668-BE54-9A1E7A4F7556}") = "Discount.API", "Services\Discount\Discount.API\Discount.API.csproj", "{BBCA7B06-5880-4C59-93D9-8C7F1EFB7869}"
EndProject
Project("{9A19103F-16F7-4668-BE54-9A1E7A4F7556}") = "Discount.Grpc", "Services\Discount\Discount.Grpc\Discount.Grpc.csproj", "{8A32C493-D6E2-4166-A9D5-6A9EF74C0DB9}"
EndProject
Project("{2150E333-8FDC-42A3-9474-1A3956D46DE8}") = "Ordering", "Ordering", "{BEDA0D83-3155-4386-9C36-89DB9FEAAB8D}"
EndProject
Project("{9A19103F-16F7-4668-BE54-9A1E7A4F7556}") = "Ordering.API", "Services\Ordering\Ordering.API\Ordering.API.csproj", "{0769DB90-BB5C-44D6-A5E4-67B7E8710B3C}"
EndProject
Project("{9A19103F-16F7-4668-BE54-9A1E7A4F7556}") = "Ordering.Domain", "Services\Ordering\Ordering.Domain\Ordering.Domain.csproj", "{8D0F7739-B736-41D1-A715-71B9AD3C82F5}"
EndProject
Project("{9A19103F-16F7-4668-BE54-9A1E7A4F7556}") = "Ordering.Application", "Services\Ordering\Ordering.Application\Ordering.Application.csproj", "{A6E05507-0EA8-4B06-B17C-DC8EB069F5DE}"
EndProject
Project("{9A19103F-16F7-4668-BE54-9A1E7A4F7556}") = "Ordering.Infrastructure", "Services\Ordering\Ordering.Infrastructure\Ordering.Infrastructure.csproj", "{40B230F4-6917-425F-B375-2B22D77C66F9}"
EndProject
Project("{2150E333-8FDC-42A3-9474-1A3956D46DE8}") = "BuildingBlocks", "BuildingBlocks", "{95F329E6-DBB8-441E-B76D-1D68373D5AC0}"
EndProject
Project("{9A19103F-16F7-4668-BE54-9A1E7A4F7556}") = "EventBus.Messages", "BuildingBlocks\EventBus.Messages\EventBus.Messages.csproj", "{EA99020C-B549-49F7-B418-71B6FA80B06D}"
EndProject
Project("{2150E333-8FDC-42A3-9474-1A3956D46DE8}") = "ApiGateways", "ApiGateways", "{5919C7E7-F693-4949-B26E-39463C92FDD2}"
EndProject
Project("{9A19103F-16F7-4668-BE54-9A1E7A4F7556}") = "OcelotApiGw", "ApiGateways\OcelotApiGw\OcelotApiGw.csproj", "{294AE8F4-44D7-420E-8488-AF2507A6CBA4}"
EndProject
Project("{9A19103F-16F7-4668-BE54-9A1E7A4F7556}") = "Shopping.Aggregator", "ApiGateways\Shopping.Aggregator\Shopping.Aggregator.csproj", "{807DDCDC-9B75-4245-8173-924BDCB095D4}"
EndProject
Project("{2150E333-8FDC-42A3-9474-1A3956D46DE8}") = "WebApps", "WebApps", "{07621534-4AD6-4F43-BACC-48D94E8EFEE7}"
EndProject
Project("{2150E333-8FDC-42A3-9474-1A3956D46DE8}") = "Security", "Security", "{351D5663-1EBF-43D9-B6AB-72EC627FFD04}"
EndProject
Project("{9A19103F-16F7-4668-BE54-9A1E7A4F7556}") = "IdentityServer", "Security\IdentityServer\IdentityServer.csproj", "{8C0B4313-5FB4-4DB1-AA0E-4691F49973EA}"
EndProject
Project("{9A19103F-16F7-4668-BE54-9A1E7A4F7556}") = "Common.Logging", "BuildingBlocks\Common.Logging\Common.Logging.csproj", "{31A47ABB-ECEF-4902-ABEB-88DCF65418AC}"
EndProject
Project("{9A19103F-16F7-4668-BE54-9A1E7A4F7556}") = "AspnetRunBasics", "WebApps\ShopMicroserviceV2-Client-main\AspnetRunBasics.csproj", "{BB38B892-44E2-4275-B674-BBC0DFCDF982}"
EndProject
Project("{9A19103F-16F7-4668-BE54-9A1E7A4F7556}") = "WebStatus", "WebApps\WebStatus\WebStatus.csproj", "{4B380C1C-17CD-4F6A-A8FD-D752242BE048}"
EndProject
Project("{2150E333-8FDC-42A3-9474-1A3956D46DE8}") = "Solution Items", "Solution Items", "{F7FCC126-3D1F-4F63-9F04-DA64BC5FFE08}"
	ProjectSection(SolutionItems) = preProject
		Command.txt = Command.txt
		dashboard-adminuser.yaml = dashboard-adminuser.yaml
		nginx-depl.yaml = nginx-depl.yaml
		nginx-service.yaml = nginx-service.yaml
	EndProjectSection
EndProject
Project("{2150E333-8FDC-42A3-9474-1A3956D46DE8}") = "k8s", "k8s", "{3A411CF1-0E9C-43E2-AD90-AB67D231703B}"
	ProjectSection(SolutionItems) = preProject
		k8s\basketapi.yaml = k8s\basketapi.yaml
		k8s\catalogapi-configmap.yaml = k8s\catalogapi-configmap.yaml
		k8s\catalogapi.yaml = k8s\catalogapi.yaml
		k8s\discountapi.yaml = k8s\discountapi.yaml
		k8s\discountgrpc.yaml = k8s\discountgrpc.yaml
		k8s\identityserver.yaml = k8s\identityserver.yaml
		k8s\mongo-configmap.yaml = k8s\mongo-configmap.yaml
		k8s\mongo-secret.yaml = k8s\mongo-secret.yaml
		k8s\mongo.yaml = k8s\mongo.yaml
		k8s\mssql.yaml = k8s\mssql.yaml
		k8s\ocelotapigw.yaml = k8s\ocelotapigw.yaml
		k8s\orderingapi.yaml = k8s\orderingapi.yaml
		k8s\postgres.yaml = k8s\postgres.yaml
		k8s\rabbitmq.yaml = k8s\rabbitmq.yaml
		k8s\redis.yaml = k8s\redis.yaml
	EndProjectSection
EndProject
Project("{2150E333-8FDC-42A3-9474-1A3956D46DE8}") = "UnitTests", "UnitTests", "{ACD16E2D-4CEE-4FB1-A9A4-C476573D2248}"
EndProject
Project("{2150E333-8FDC-42A3-9474-1A3956D46DE8}") = "Ordering", "Ordering", "{741D9549-9CC8-420D-8FC5-2A644CA55A92}"
EndProject
Project("{9A19103F-16F7-4668-BE54-9A1E7A4F7556}") = "Ordering.Application.UnitTests", "UnitTests\Ordering\Ordering.Application.UnitTests\Ordering.Application.UnitTests.csproj", "{EC2A7B0E-9B1D-43ED-96A9-2FD91F602715}"
EndProject
Project("{2150E333-8FDC-42A3-9474-1A3956D46DE8}") = "IntegrationTests", "IntegrationTests", "{B7764B46-157A-4385-9BDC-520260203533}"
EndProject
Project("{2150E333-8FDC-42A3-9474-1A3956D46DE8}") = "Ordering", "Ordering", "{8386882D-8520-4BBE-9314-B8B8F39F2F79}"
EndProject
Project("{9A19103F-16F7-4668-BE54-9A1E7A4F7556}") = "Ordering.Application.IntegrationTests", "IntegrationTests\Ordering\Ordering.Application.IntegrationTests\Ordering.Application.IntegrationTests.csproj", "{D668F1FA-1AFE-4557-9F4C-85C7DF373FB3}"
EndProject
Global
	GlobalSection(SolutionConfigurationPlatforms) = preSolution
		Debug|Any CPU = Debug|Any CPU
		Release|Any CPU = Release|Any CPU
	EndGlobalSection
	GlobalSection(ProjectConfigurationPlatforms) = postSolution
		{10071691-8A7B-4A57-BDED-FDC12790B50F}.Debug|Any CPU.ActiveCfg = Debug|Any CPU
		{10071691-8A7B-4A57-BDED-FDC12790B50F}.Debug|Any CPU.Build.0 = Debug|Any CPU
		{10071691-8A7B-4A57-BDED-FDC12790B50F}.Release|Any CPU.ActiveCfg = Release|Any CPU
		{10071691-8A7B-4A57-BDED-FDC12790B50F}.Release|Any CPU.Build.0 = Release|Any CPU
		{8A00BE4A-2494-4496-AE22-D29754F727BC}.Debug|Any CPU.ActiveCfg = Debug|Any CPU
		{8A00BE4A-2494-4496-AE22-D29754F727BC}.Debug|Any CPU.Build.0 = Debug|Any CPU
		{8A00BE4A-2494-4496-AE22-D29754F727BC}.Release|Any CPU.ActiveCfg = Release|Any CPU
		{8A00BE4A-2494-4496-AE22-D29754F727BC}.Release|Any CPU.Build.0 = Release|Any CPU
		{1582ED73-7CB5-4256-9B85-387EE72AE00D}.Debug|Any CPU.ActiveCfg = Debug|Any CPU
		{1582ED73-7CB5-4256-9B85-387EE72AE00D}.Debug|Any CPU.Build.0 = Debug|Any CPU
		{1582ED73-7CB5-4256-9B85-387EE72AE00D}.Release|Any CPU.ActiveCfg = Release|Any CPU
		{1582ED73-7CB5-4256-9B85-387EE72AE00D}.Release|Any CPU.Build.0 = Release|Any CPU
		{BBCA7B06-5880-4C59-93D9-8C7F1EFB7869}.Debug|Any CPU.ActiveCfg = Debug|Any CPU
		{BBCA7B06-5880-4C59-93D9-8C7F1EFB7869}.Debug|Any CPU.Build.0 = Debug|Any CPU
		{BBCA7B06-5880-4C59-93D9-8C7F1EFB7869}.Release|Any CPU.ActiveCfg = Release|Any CPU
		{BBCA7B06-5880-4C59-93D9-8C7F1EFB7869}.Release|Any CPU.Build.0 = Release|Any CPU
		{8A32C493-D6E2-4166-A9D5-6A9EF74C0DB9}.Debug|Any CPU.ActiveCfg = Debug|Any CPU
		{8A32C493-D6E2-4166-A9D5-6A9EF74C0DB9}.Debug|Any CPU.Build.0 = Debug|Any CPU
		{8A32C493-D6E2-4166-A9D5-6A9EF74C0DB9}.Release|Any CPU.ActiveCfg = Release|Any CPU
		{8A32C493-D6E2-4166-A9D5-6A9EF74C0DB9}.Release|Any CPU.Build.0 = Release|Any CPU
		{0769DB90-BB5C-44D6-A5E4-67B7E8710B3C}.Debug|Any CPU.ActiveCfg = Debug|Any CPU
		{0769DB90-BB5C-44D6-A5E4-67B7E8710B3C}.Debug|Any CPU.Build.0 = Debug|Any CPU
		{0769DB90-BB5C-44D6-A5E4-67B7E8710B3C}.Release|Any CPU.ActiveCfg = Release|Any CPU
		{0769DB90-BB5C-44D6-A5E4-67B7E8710B3C}.Release|Any CPU.Build.0 = Release|Any CPU
		{8D0F7739-B736-41D1-A715-71B9AD3C82F5}.Debug|Any CPU.ActiveCfg = Debug|Any CPU
		{8D0F7739-B736-41D1-A715-71B9AD3C82F5}.Debug|Any CPU.Build.0 = Debug|Any CPU
		{8D0F7739-B736-41D1-A715-71B9AD3C82F5}.Release|Any CPU.ActiveCfg = Release|Any CPU
		{8D0F7739-B736-41D1-A715-71B9AD3C82F5}.Release|Any CPU.Build.0 = Release|Any CPU
		{A6E05507-0EA8-4B06-B17C-DC8EB069F5DE}.Debug|Any CPU.ActiveCfg = Debug|Any CPU
		{A6E05507-0EA8-4B06-B17C-DC8EB069F5DE}.Debug|Any CPU.Build.0 = Debug|Any CPU
		{A6E05507-0EA8-4B06-B17C-DC8EB069F5DE}.Release|Any CPU.ActiveCfg = Release|Any CPU
		{A6E05507-0EA8-4B06-B17C-DC8EB069F5DE}.Release|Any CPU.Build.0 = Release|Any CPU
		{40B230F4-6917-425F-B375-2B22D77C66F9}.Debug|Any CPU.ActiveCfg = Debug|Any CPU
		{40B230F4-6917-425F-B375-2B22D77C66F9}.Debug|Any CPU.Build.0 = Debug|Any CPU
		{40B230F4-6917-425F-B375-2B22D77C66F9}.Release|Any CPU.ActiveCfg = Release|Any CPU
		{40B230F4-6917-425F-B375-2B22D77C66F9}.Release|Any CPU.Build.0 = Release|Any CPU
		{EA99020C-B549-49F7-B418-71B6FA80B06D}.Debug|Any CPU.ActiveCfg = Debug|Any CPU
		{EA99020C-B549-49F7-B418-71B6FA80B06D}.Debug|Any CPU.Build.0 = Debug|Any CPU
		{EA99020C-B549-49F7-B418-71B6FA80B06D}.Release|Any CPU.ActiveCfg = Release|Any CPU
		{EA99020C-B549-49F7-B418-71B6FA80B06D}.Release|Any CPU.Build.0 = Release|Any CPU
		{294AE8F4-44D7-420E-8488-AF2507A6CBA4}.Debug|Any CPU.ActiveCfg = Debug|Any CPU
		{294AE8F4-44D7-420E-8488-AF2507A6CBA4}.Debug|Any CPU.Build.0 = Debug|Any CPU
		{294AE8F4-44D7-420E-8488-AF2507A6CBA4}.Release|Any CPU.ActiveCfg = Release|Any CPU
		{294AE8F4-44D7-420E-8488-AF2507A6CBA4}.Release|Any CPU.Build.0 = Release|Any CPU
		{807DDCDC-9B75-4245-8173-924BDCB095D4}.Debug|Any CPU.ActiveCfg = Debug|Any CPU
		{807DDCDC-9B75-4245-8173-924BDCB095D4}.Debug|Any CPU.Build.0 = Debug|Any CPU
		{807DDCDC-9B75-4245-8173-924BDCB095D4}.Release|Any CPU.ActiveCfg = Release|Any CPU
		{807DDCDC-9B75-4245-8173-924BDCB095D4}.Release|Any CPU.Build.0 = Release|Any CPU
		{8C0B4313-5FB4-4DB1-AA0E-4691F49973EA}.Debug|Any CPU.ActiveCfg = Debug|Any CPU
		{8C0B4313-5FB4-4DB1-AA0E-4691F49973EA}.Debug|Any CPU.Build.0 = Debug|Any CPU
		{8C0B4313-5FB4-4DB1-AA0E-4691F49973EA}.Release|Any CPU.ActiveCfg = Release|Any CPU
		{8C0B4313-5FB4-4DB1-AA0E-4691F49973EA}.Release|Any CPU.Build.0 = Release|Any CPU
		{31A47ABB-ECEF-4902-ABEB-88DCF65418AC}.Debug|Any CPU.ActiveCfg = Debug|Any CPU
		{31A47ABB-ECEF-4902-ABEB-88DCF65418AC}.Debug|Any CPU.Build.0 = Debug|Any CPU
		{31A47ABB-ECEF-4902-ABEB-88DCF65418AC}.Release|Any CPU.ActiveCfg = Release|Any CPU
		{31A47ABB-ECEF-4902-ABEB-88DCF65418AC}.Release|Any CPU.Build.0 = Release|Any CPU
		{BB38B892-44E2-4275-B674-BBC0DFCDF982}.Debug|Any CPU.ActiveCfg = Debug|Any CPU
		{BB38B892-44E2-4275-B674-BBC0DFCDF982}.Debug|Any CPU.Build.0 = Debug|Any CPU
		{BB38B892-44E2-4275-B674-BBC0DFCDF982}.Release|Any CPU.ActiveCfg = Release|Any CPU
		{BB38B892-44E2-4275-B674-BBC0DFCDF982}.Release|Any CPU.Build.0 = Release|Any CPU
		{4B380C1C-17CD-4F6A-A8FD-D752242BE048}.Debug|Any CPU.ActiveCfg = Debug|Any CPU
		{4B380C1C-17CD-4F6A-A8FD-D752242BE048}.Debug|Any CPU.Build.0 = Debug|Any CPU
		{4B380C1C-17CD-4F6A-A8FD-D752242BE048}.Release|Any CPU.ActiveCfg = Release|Any CPU
		{4B380C1C-17CD-4F6A-A8FD-D752242BE048}.Release|Any CPU.Build.0 = Release|Any CPU
		{EC2A7B0E-9B1D-43ED-96A9-2FD91F602715}.Debug|Any CPU.ActiveCfg = Debug|Any CPU
		{EC2A7B0E-9B1D-43ED-96A9-2FD91F602715}.Debug|Any CPU.Build.0 = Debug|Any CPU
		{EC2A7B0E-9B1D-43ED-96A9-2FD91F602715}.Release|Any CPU.ActiveCfg = Release|Any CPU
		{EC2A7B0E-9B1D-43ED-96A9-2FD91F602715}.Release|Any CPU.Build.0 = Release|Any CPU
		{D668F1FA-1AFE-4557-9F4C-85C7DF373FB3}.Debug|Any CPU.ActiveCfg = Debug|Any CPU
		{D668F1FA-1AFE-4557-9F4C-85C7DF373FB3}.Debug|Any CPU.Build.0 = Debug|Any CPU
		{D668F1FA-1AFE-4557-9F4C-85C7DF373FB3}.Release|Any CPU.ActiveCfg = Release|Any CPU
		{D668F1FA-1AFE-4557-9F4C-85C7DF373FB3}.Release|Any CPU.Build.0 = Release|Any CPU
	EndGlobalSection
	GlobalSection(SolutionProperties) = preSolution
		HideSolutionNode = FALSE
	EndGlobalSection
	GlobalSection(NestedProjects) = preSolution
		{2DE1CD5E-BF00-44CB-8459-75B5E53E6527} = {F4D75E74-B60B-425E-9996-F6F939070624}
		{10071691-8A7B-4A57-BDED-FDC12790B50F} = {2DE1CD5E-BF00-44CB-8459-75B5E53E6527}
		{B396C81A-8BC2-4E26-BEF7-1443AD716C55} = {F4D75E74-B60B-425E-9996-F6F939070624}
		{1582ED73-7CB5-4256-9B85-387EE72AE00D} = {B396C81A-8BC2-4E26-BEF7-1443AD716C55}
		{2CBBD35F-EDDD-4E4B-A08B-8CB5C609C562} = {F4D75E74-B60B-425E-9996-F6F939070624}
		{BBCA7B06-5880-4C59-93D9-8C7F1EFB7869} = {2CBBD35F-EDDD-4E4B-A08B-8CB5C609C562}
		{8A32C493-D6E2-4166-A9D5-6A9EF74C0DB9} = {2CBBD35F-EDDD-4E4B-A08B-8CB5C609C562}
		{BEDA0D83-3155-4386-9C36-89DB9FEAAB8D} = {F4D75E74-B60B-425E-9996-F6F939070624}
		{0769DB90-BB5C-44D6-A5E4-67B7E8710B3C} = {BEDA0D83-3155-4386-9C36-89DB9FEAAB8D}
		{8D0F7739-B736-41D1-A715-71B9AD3C82F5} = {BEDA0D83-3155-4386-9C36-89DB9FEAAB8D}
		{A6E05507-0EA8-4B06-B17C-DC8EB069F5DE} = {BEDA0D83-3155-4386-9C36-89DB9FEAAB8D}
		{40B230F4-6917-425F-B375-2B22D77C66F9} = {BEDA0D83-3155-4386-9C36-89DB9FEAAB8D}
		{EA99020C-B549-49F7-B418-71B6FA80B06D} = {95F329E6-DBB8-441E-B76D-1D68373D5AC0}
		{294AE8F4-44D7-420E-8488-AF2507A6CBA4} = {5919C7E7-F693-4949-B26E-39463C92FDD2}
		{807DDCDC-9B75-4245-8173-924BDCB095D4} = {5919C7E7-F693-4949-B26E-39463C92FDD2}
		{8C0B4313-5FB4-4DB1-AA0E-4691F49973EA} = {351D5663-1EBF-43D9-B6AB-72EC627FFD04}
		{31A47ABB-ECEF-4902-ABEB-88DCF65418AC} = {95F329E6-DBB8-441E-B76D-1D68373D5AC0}
		{BB38B892-44E2-4275-B674-BBC0DFCDF982} = {07621534-4AD6-4F43-BACC-48D94E8EFEE7}
		{4B380C1C-17CD-4F6A-A8FD-D752242BE048} = {07621534-4AD6-4F43-BACC-48D94E8EFEE7}
		{741D9549-9CC8-420D-8FC5-2A644CA55A92} = {ACD16E2D-4CEE-4FB1-A9A4-C476573D2248}
		{EC2A7B0E-9B1D-43ED-96A9-2FD91F602715} = {741D9549-9CC8-420D-8FC5-2A644CA55A92}
		{8386882D-8520-4BBE-9314-B8B8F39F2F79} = {B7764B46-157A-4385-9BDC-520260203533}
		{D668F1FA-1AFE-4557-9F4C-85C7DF373FB3} = {8386882D-8520-4BBE-9314-B8B8F39F2F79}
	EndGlobalSection
	GlobalSection(ExtensibilityGlobals) = postSolution
		SolutionGuid = {28136A77-865E-464A-B5D1-1F755AD02359}
	EndGlobalSection
EndGlobal
